// !$*UTF8*$!
{
	archiveVersion = 1;
	classes = {
	};
	objectVersion = 48;
	objects = {

/* Begin PBXBuildFile section */
		8CC8AD9D206966C100DAC4A9 /* AppDelegate.swift in Sources */ = {isa = PBXBuildFile; fileRef = 8CC8AD9C206966C100DAC4A9 /* AppDelegate.swift */; };
		8CC8AD9F206966C100DAC4A9 /* GameScene.sks in Resources */ = {isa = PBXBuildFile; fileRef = 8CC8AD9E206966C100DAC4A9 /* GameScene.sks */; };
		8CC8ADA1206966C100DAC4A9 /* Actions.sks in Resources */ = {isa = PBXBuildFile; fileRef = 8CC8ADA0206966C100DAC4A9 /* Actions.sks */; };
		8CC8ADA3206966C100DAC4A9 /* GameScene.swift in Sources */ = {isa = PBXBuildFile; fileRef = 8CC8ADA2206966C100DAC4A9 /* GameScene.swift */; };
		8CC8ADA5206966C100DAC4A9 /* GameViewController.swift in Sources */ = {isa = PBXBuildFile; fileRef = 8CC8ADA4206966C100DAC4A9 /* GameViewController.swift */; };
		8CC8ADA8206966C100DAC4A9 /* Main.storyboard in Resources */ = {isa = PBXBuildFile; fileRef = 8CC8ADA6206966C100DAC4A9 /* Main.storyboard */; };
		8CC8ADAA206966C100DAC4A9 /* Assets.xcassets in Resources */ = {isa = PBXBuildFile; fileRef = 8CC8ADA9206966C100DAC4A9 /* Assets.xcassets */; };
		8CC8ADAD206966C100DAC4A9 /* LaunchScreen.storyboard in Resources */ = {isa = PBXBuildFile; fileRef = 8CC8ADAB206966C100DAC4A9 /* LaunchScreen.storyboard */; };
		8CC8ADB8206966C200DAC4A9 /* subitizeTests.swift in Sources */ = {isa = PBXBuildFile; fileRef = 8CC8ADB7206966C200DAC4A9 /* subitizeTests.swift */; };
		8CC8ADC3206966C200DAC4A9 /* subitizeUITests.swift in Sources */ = {isa = PBXBuildFile; fileRef = 8CC8ADC2206966C200DAC4A9 /* subitizeUITests.swift */; };
/* End PBXBuildFile section */

/* Begin PBXContainerItemProxy section */
		8CC8ADB4206966C200DAC4A9 /* PBXContainerItemProxy */ = {
			isa = PBXContainerItemProxy;
			containerPortal = 8CC8AD91206966C100DAC4A9 /* Project object */;
			proxyType = 1;
			remoteGlobalIDString = 8CC8AD98206966C100DAC4A9;
			remoteInfo = subitize;
		};
		8CC8ADBF206966C200DAC4A9 /* PBXContainerItemProxy */ = {
			isa = PBXContainerItemProxy;
			containerPortal = 8CC8AD91206966C100DAC4A9 /* Project object */;
			proxyType = 1;
			remoteGlobalIDString = 8CC8AD98206966C100DAC4A9;
			remoteInfo = subitize;
		};
/* End PBXContainerItemProxy section */

/* Begin PBXFileReference section */
		8CC8AD99206966C100DAC4A9 /* subitize.app */ = {isa = PBXFileReference; explicitFileType = wrapper.application; includeInIndex = 0; path = subitize.app; sourceTree = BUILT_PRODUCTS_DIR; };
		8CC8AD9C206966C100DAC4A9 /* AppDelegate.swift */ = {isa = PBXFileReference; lastKnownFileType = sourcecode.swift; path = AppDelegate.swift; sourceTree = "<group>"; };
		8CC8AD9E206966C100DAC4A9 /* GameScene.sks */ = {isa = PBXFileReference; lastKnownFileType = file.sks; path = GameScene.sks; sourceTree = "<group>"; };
		8CC8ADA0206966C100DAC4A9 /* Actions.sks */ = {isa = PBXFileReference; lastKnownFileType = file.sks; path = Actions.sks; sourceTree = "<group>"; };
		8CC8ADA2206966C100DAC4A9 /* GameScene.swift */ = {isa = PBXFileReference; lastKnownFileType = sourcecode.swift; path = GameScene.swift; sourceTree = "<group>"; };
		8CC8ADA4206966C100DAC4A9 /* GameViewController.swift */ = {isa = PBXFileReference; lastKnownFileType = sourcecode.swift; path = GameViewController.swift; sourceTree = "<group>"; };
		8CC8ADA7206966C100DAC4A9 /* Base */ = {isa = PBXFileReference; lastKnownFileType = file.storyboard; name = Base; path = Base.lproj/Main.storyboard; sourceTree = "<group>"; };
		8CC8ADA9206966C100DAC4A9 /* Assets.xcassets */ = {isa = PBXFileReference; lastKnownFileType = folder.assetcatalog; path = Assets.xcassets; sourceTree = "<group>"; };
		8CC8ADAC206966C100DAC4A9 /* Base */ = {isa = PBXFileReference; lastKnownFileType = file.storyboard; name = Base; path = Base.lproj/LaunchScreen.storyboard; sourceTree = "<group>"; };
		8CC8ADAE206966C100DAC4A9 /* Info.plist */ = {isa = PBXFileReference; lastKnownFileType = text.plist.xml; path = Info.plist; sourceTree = "<group>"; };
		8CC8ADB3206966C200DAC4A9 /* subitizeTests.xctest */ = {isa = PBXFileReference; explicitFileType = wrapper.cfbundle; includeInIndex = 0; path = subitizeTests.xctest; sourceTree = BUILT_PRODUCTS_DIR; };
		8CC8ADB7206966C200DAC4A9 /* subitizeTests.swift */ = {isa = PBXFileReference; lastKnownFileType = sourcecode.swift; path = subitizeTests.swift; sourceTree = "<group>"; };
		8CC8ADB9206966C200DAC4A9 /* Info.plist */ = {isa = PBXFileReference; lastKnownFileType = text.plist.xml; path = Info.plist; sourceTree = "<group>"; };
		8CC8ADBE206966C200DAC4A9 /* subitizeUITests.xctest */ = {isa = PBXFileReference; explicitFileType = wrapper.cfbundle; includeInIndex = 0; path = subitizeUITests.xctest; sourceTree = BUILT_PRODUCTS_DIR; };
		8CC8ADC2206966C200DAC4A9 /* subitizeUITests.swift */ = {isa = PBXFileReference; lastKnownFileType = sourcecode.swift; path = subitizeUITests.swift; sourceTree = "<group>"; };
		8CC8ADC4206966C200DAC4A9 /* Info.plist */ = {isa = PBXFileReference; lastKnownFileType = text.plist.xml; path = Info.plist; sourceTree = "<group>"; };
/* End PBXFileReference section */

/* Begin PBXFrameworksBuildPhase section */
		8CC8AD96206966C100DAC4A9 /* Frameworks */ = {
			isa = PBXFrameworksBuildPhase;
			buildActionMask = 2147483647;
			files = (
			);
			runOnlyForDeploymentPostprocessing = 0;
		};
		8CC8ADB0206966C200DAC4A9 /* Frameworks */ = {
			isa = PBXFrameworksBuildPhase;
			buildActionMask = 2147483647;
			files = (
			);
			runOnlyForDeploymentPostprocessing = 0;
		};
		8CC8ADBB206966C200DAC4A9 /* Frameworks */ = {
			isa = PBXFrameworksBuildPhase;
			buildActionMask = 2147483647;
			files = (
			);
			runOnlyForDeploymentPostprocessing = 0;
		};
/* End PBXFrameworksBuildPhase section */

/* Begin PBXGroup section */
		8CC8AD90206966C100DAC4A9 = {
			isa = PBXGroup;
			children = (
				8CC8AD9B206966C100DAC4A9 /* subitize */,
				8CC8ADB6206966C200DAC4A9 /* subitizeTests */,
				8CC8ADC1206966C200DAC4A9 /* subitizeUITests */,
				8CC8AD9A206966C100DAC4A9 /* Products */,
			);
			sourceTree = "<group>";
		};
		8CC8AD9A206966C100DAC4A9 /* Products */ = {
			isa = PBXGroup;
			children = (
				8CC8AD99206966C100DAC4A9 /* subitize.app */,
				8CC8ADB3206966C200DAC4A9 /* subitizeTests.xctest */,
				8CC8ADBE206966C200DAC4A9 /* subitizeUITests.xctest */,
			);
			name = Products;
			sourceTree = "<group>";
		};
		8CC8AD9B206966C100DAC4A9 /* subitize */ = {
			isa = PBXGroup;
			children = (
				8CC8AD9C206966C100DAC4A9 /* AppDelegate.swift */,
				8CC8AD9E206966C100DAC4A9 /* GameScene.sks */,
				8CC8ADA0206966C100DAC4A9 /* Actions.sks */,
				8CC8ADA2206966C100DAC4A9 /* GameScene.swift */,
				8CC8ADA4206966C100DAC4A9 /* GameViewController.swift */,
				8CC8ADA6206966C100DAC4A9 /* Main.storyboard */,
				8CC8ADA9206966C100DAC4A9 /* Assets.xcassets */,
				8CC8ADAB206966C100DAC4A9 /* LaunchScreen.storyboard */,
				8CC8ADAE206966C100DAC4A9 /* Info.plist */,
			);
			path = subitize;
			sourceTree = "<group>";
		};
		8CC8ADB6206966C200DAC4A9 /* subitizeTests */ = {
			isa = PBXGroup;
			children = (
				8CC8ADB7206966C200DAC4A9 /* subitizeTests.swift */,
				8CC8ADB9206966C200DAC4A9 /* Info.plist */,
			);
			path = subitizeTests;
			sourceTree = "<group>";
		};
		8CC8ADC1206966C200DAC4A9 /* subitizeUITests */ = {
			isa = PBXGroup;
			children = (
				8CC8ADC2206966C200DAC4A9 /* subitizeUITests.swift */,
				8CC8ADC4206966C200DAC4A9 /* Info.plist */,
			);
			path = subitizeUITests;
			sourceTree = "<group>";
		};
/* End PBXGroup section */

/* Begin PBXNativeTarget section */
		8CC8AD98206966C100DAC4A9 /* subitize */ = {
			isa = PBXNativeTarget;
			buildConfigurationList = 8CC8ADC7206966C200DAC4A9 /* Build configuration list for PBXNativeTarget "subitize" */;
			buildPhases = (
				8CC8AD95206966C100DAC4A9 /* Sources */,
				8CC8AD96206966C100DAC4A9 /* Frameworks */,
				8CC8AD97206966C100DAC4A9 /* Resources */,
			);
			buildRules = (
			);
			dependencies = (
			);
			name = subitize;
			productName = subitize;
			productReference = 8CC8AD99206966C100DAC4A9 /* subitize.app */;
			productType = "com.apple.product-type.application";
		};
		8CC8ADB2206966C200DAC4A9 /* subitizeTests */ = {
			isa = PBXNativeTarget;
			buildConfigurationList = 8CC8ADCA206966C200DAC4A9 /* Build configuration list for PBXNativeTarget "subitizeTests" */;
			buildPhases = (
				8CC8ADAF206966C200DAC4A9 /* Sources */,
				8CC8ADB0206966C200DAC4A9 /* Frameworks */,
				8CC8ADB1206966C200DAC4A9 /* Resources */,
			);
			buildRules = (
			);
			dependencies = (
				8CC8ADB5206966C200DAC4A9 /* PBXTargetDependency */,
			);
			name = subitizeTests;
			productName = subitizeTests;
			productReference = 8CC8ADB3206966C200DAC4A9 /* subitizeTests.xctest */;
			productType = "com.apple.product-type.bundle.unit-test";
		};
		8CC8ADBD206966C200DAC4A9 /* subitizeUITests */ = {
			isa = PBXNativeTarget;
			buildConfigurationList = 8CC8ADCD206966C200DAC4A9 /* Build configuration list for PBXNativeTarget "subitizeUITests" */;
			buildPhases = (
				8CC8ADBA206966C200DAC4A9 /* Sources */,
				8CC8ADBB206966C200DAC4A9 /* Frameworks */,
				8CC8ADBC206966C200DAC4A9 /* Resources */,
			);
			buildRules = (
			);
			dependencies = (
				8CC8ADC0206966C200DAC4A9 /* PBXTargetDependency */,
			);
			name = subitizeUITests;
			productName = subitizeUITests;
			productReference = 8CC8ADBE206966C200DAC4A9 /* subitizeUITests.xctest */;
			productType = "com.apple.product-type.bundle.ui-testing";
		};
/* End PBXNativeTarget section */

/* Begin PBXProject section */
		8CC8AD91206966C100DAC4A9 /* Project object */ = {
			isa = PBXProject;
			attributes = {
				LastSwiftUpdateCheck = 0920;
				LastUpgradeCheck = 0920;
				ORGANIZATIONNAME = "Connor Leisz";
				TargetAttributes = {
					8CC8AD98206966C100DAC4A9 = {
						CreatedOnToolsVersion = 9.2;
						ProvisioningStyle = Automatic;
					};
					8CC8ADB2206966C200DAC4A9 = {
						CreatedOnToolsVersion = 9.2;
						ProvisioningStyle = Automatic;
						TestTargetID = 8CC8AD98206966C100DAC4A9;
					};
					8CC8ADBD206966C200DAC4A9 = {
						CreatedOnToolsVersion = 9.2;
						ProvisioningStyle = Automatic;
						TestTargetID = 8CC8AD98206966C100DAC4A9;
					};
				};
			};
			buildConfigurationList = 8CC8AD94206966C100DAC4A9 /* Build configuration list for PBXProject "subitize" */;
			compatibilityVersion = "Xcode 8.0";
			developmentRegion = en;
			hasScannedForEncodings = 0;
			knownRegions = (
				en,
				Base,
			);
			mainGroup = 8CC8AD90206966C100DAC4A9;
			productRefGroup = 8CC8AD9A206966C100DAC4A9 /* Products */;
			projectDirPath = "";
			projectRoot = "";
			targets = (
				8CC8AD98206966C100DAC4A9 /* subitize */,
				8CC8ADB2206966C200DAC4A9 /* subitizeTests */,
				8CC8ADBD206966C200DAC4A9 /* subitizeUITests */,
			);
		};
/* End PBXProject section */

/* Begin PBXResourcesBuildPhase section */
		8CC8AD97206966C100DAC4A9 /* Resources */ = {
			isa = PBXResourcesBuildPhase;
			buildActionMask = 2147483647;
			files = (
				8CC8ADA8206966C100DAC4A9 /* Main.storyboard in Resources */,
				8CC8AD9F206966C100DAC4A9 /* GameScene.sks in Resources */,
				8CC8ADAA206966C100DAC4A9 /* Assets.xcassets in Resources */,
				8CC8ADAD206966C100DAC4A9 /* LaunchScreen.storyboard in Resources */,
				8CC8ADA1206966C100DAC4A9 /* Actions.sks in Resources */,
			);
			runOnlyForDeploymentPostprocessing = 0;
		};
		8CC8ADB1206966C200DAC4A9 /* Resources */ = {
			isa = PBXResourcesBuildPhase;
			buildActionMask = 2147483647;
			files = (
			);
			runOnlyForDeploymentPostprocessing = 0;
		};
		8CC8ADBC206966C200DAC4A9 /* Resources */ = {
			isa = PBXResourcesBuildPhase;
			buildActionMask = 2147483647;
			files = (
			);
			runOnlyForDeploymentPostprocessing = 0;
		};
/* End PBXResourcesBuildPhase section */

/* Begin PBXSourcesBuildPhase section */
		8CC8AD95206966C100DAC4A9 /* Sources */ = {
			isa = PBXSourcesBuildPhase;
			buildActionMask = 2147483647;
			files = (
				8CC8ADA3206966C100DAC4A9 /* GameScene.swift in Sources */,
				8CC8ADA5206966C100DAC4A9 /* GameViewController.swift in Sources */,
				8CC8AD9D206966C100DAC4A9 /* AppDelegate.swift in Sources */,
			);
			runOnlyForDeploymentPostprocessing = 0;
		};
		8CC8ADAF206966C200DAC4A9 /* Sources */ = {
			isa = PBXSourcesBuildPhase;
			buildActionMask = 2147483647;
			files = (
				8CC8ADB8206966C200DAC4A9 /* subitizeTests.swift in Sources */,
			);
			runOnlyForDeploymentPostprocessing = 0;
		};
		8CC8ADBA206966C200DAC4A9 /* Sources */ = {
			isa = PBXSourcesBuildPhase;
			buildActionMask = 2147483647;
			files = (
				8CC8ADC3206966C200DAC4A9 /* subitizeUITests.swift in Sources */,
			);
			runOnlyForDeploymentPostprocessing = 0;
		};
/* End PBXSourcesBuildPhase section */

/* Begin PBXTargetDependency section */
		8CC8ADB5206966C200DAC4A9 /* PBXTargetDependency */ = {
			isa = PBXTargetDependency;
			target = 8CC8AD98206966C100DAC4A9 /* subitize */;
			targetProxy = 8CC8ADB4206966C200DAC4A9 /* PBXContainerItemProxy */;
		};
		8CC8ADC0206966C200DAC4A9 /* PBXTargetDependency */ = {
			isa = PBXTargetDependency;
			target = 8CC8AD98206966C100DAC4A9 /* subitize */;
			targetProxy = 8CC8ADBF206966C200DAC4A9 /* PBXContainerItemProxy */;
		};
/* End PBXTargetDependency section */

/* Begin PBXVariantGroup section */
		8CC8ADA6206966C100DAC4A9 /* Main.storyboard */ = {
			isa = PBXVariantGroup;
			children = (
				8CC8ADA7206966C100DAC4A9 /* Base */,
			);
			name = Main.storyboard;
			sourceTree = "<group>";
		};
		8CC8ADAB206966C100DAC4A9 /* LaunchScreen.storyboard */ = {
			isa = PBXVariantGroup;
			children = (
				8CC8ADAC206966C100DAC4A9 /* Base */,
			);
			name = LaunchScreen.storyboard;
			sourceTree = "<group>";
		};
/* End PBXVariantGroup section */

/* Begin XCBuildConfiguration section */
		8CC8ADC5206966C200DAC4A9 /* Debug */ = {
			isa = XCBuildConfiguration;
			buildSettings = {
				ALWAYS_SEARCH_USER_PATHS = NO;
				CLANG_ANALYZER_NONNULL = YES;
				CLANG_ANALYZER_NUMBER_OBJECT_CONVERSION = YES_AGGRESSIVE;
				CLANG_CXX_LANGUAGE_STANDARD = "gnu++14";
				CLANG_CXX_LIBRARY = "libc++";
				CLANG_ENABLE_MODULES = YES;
				CLANG_ENABLE_OBJC_ARC = YES;
				CLANG_WARN_BLOCK_CAPTURE_AUTORELEASING = YES;
				CLANG_WARN_BOOL_CONVERSION = YES;
				CLANG_WARN_COMMA = YES;
				CLANG_WARN_CONSTANT_CONVERSION = YES;
				CLANG_WARN_DIRECT_OBJC_ISA_USAGE = YES_ERROR;
				CLANG_WARN_DOCUMENTATION_COMMENTS = YES;
				CLANG_WARN_EMPTY_BODY = YES;
				CLANG_WARN_ENUM_CONVERSION = YES;
				CLANG_WARN_INFINITE_RECURSION = YES;
				CLANG_WARN_INT_CONVERSION = YES;
				CLANG_WARN_NON_LITERAL_NULL_CONVERSION = YES;
				CLANG_WARN_OBJC_LITERAL_CONVERSION = YES;
				CLANG_WARN_OBJC_ROOT_CLASS = YES_ERROR;
				CLANG_WARN_RANGE_LOOP_ANALYSIS = YES;
				CLANG_WARN_STRICT_PROTOTYPES = YES;
				CLANG_WARN_SUSPICIOUS_MOVE = YES;
				CLANG_WARN_UNGUARDED_AVAILABILITY = YES_AGGRESSIVE;
				CLANG_WARN_UNREACHABLE_CODE = YES;
				CLANG_WARN__DUPLICATE_METHOD_MATCH = YES;
				CODE_SIGN_IDENTITY = "iPhone Developer";
				COPY_PHASE_STRIP = NO;
				DEBUG_INFORMATION_FORMAT = dwarf;
				ENABLE_STRICT_OBJC_MSGSEND = YES;
				ENABLE_TESTABILITY = YES;
				GCC_C_LANGUAGE_STANDARD = gnu11;
				GCC_DYNAMIC_NO_PIC = NO;
				GCC_NO_COMMON_BLOCKS = YES;
				GCC_OPTIMIZATION_LEVEL = 0;
				GCC_PREPROCESSOR_DEFINITIONS = (
					"DEBUG=1",
					"$(inherited)",
				);
				GCC_WARN_64_TO_32_BIT_CONVERSION = YES;
				GCC_WARN_ABOUT_RETURN_TYPE = YES_ERROR;
				GCC_WARN_UNDECLARED_SELECTOR = YES;
				GCC_WARN_UNINITIALIZED_AUTOS = YES_AGGRESSIVE;
				GCC_WARN_UNUSED_FUNCTION = YES;
				GCC_WARN_UNUSED_VARIABLE = YES;
				IPHONEOS_DEPLOYMENT_TARGET = 11.2;
				MTL_ENABLE_DEBUG_INFO = YES;
				ONLY_ACTIVE_ARCH = YES;
				SDKROOT = iphoneos;
				SWIFT_ACTIVE_COMPILATION_CONDITIONS = DEBUG;
				SWIFT_OPTIMIZATION_LEVEL = "-Onone";
			};
			name = Debug;
		};
		8CC8ADC6206966C200DAC4A9 /* Release */ = {
			isa = XCBuildConfiguration;
			buildSettings = {
				ALWAYS_SEARCH_USER_PATHS = NO;
				CLANG_ANALYZER_NONNULL = YES;
				CLANG_ANALYZER_NUMBER_OBJECT_CONVERSION = YES_AGGRESSIVE;
				CLANG_CXX_LANGUAGE_STANDARD = "gnu++14";
				CLANG_CXX_LIBRARY = "libc++";
				CLANG_ENABLE_MODULES = YES;
				CLANG_ENABLE_OBJC_ARC = YES;
				CLANG_WARN_BLOCK_CAPTURE_AUTORELEASING = YES;
				CLANG_WARN_BOOL_CONVERSION = YES;
				CLANG_WARN_COMMA = YES;
				CLANG_WARN_CONSTANT_CONVERSION = YES;
				CLANG_WARN_DIRECT_OBJC_ISA_USAGE = YES_ERROR;
				CLANG_WARN_DOCUMENTATION_COMMENTS = YES;
				CLANG_WARN_EMPTY_BODY = YES;
				CLANG_WARN_ENUM_CONVERSION = YES;
				CLANG_WARN_INFINITE_RECURSION = YES;
				CLANG_WARN_INT_CONVERSION = YES;
				CLANG_WARN_NON_LITERAL_NULL_CONVERSION = YES;
				CLANG_WARN_OBJC_LITERAL_CONVERSION = YES;
				CLANG_WARN_OBJC_ROOT_CLASS = YES_ERROR;
				CLANG_WARN_RANGE_LOOP_ANALYSIS = YES;
				CLANG_WARN_STRICT_PROTOTYPES = YES;
				CLANG_WARN_SUSPICIOUS_MOVE = YES;
				CLANG_WARN_UNGUARDED_AVAILABILITY = YES_AGGRESSIVE;
				CLANG_WARN_UNREACHABLE_CODE = YES;
				CLANG_WARN__DUPLICATE_METHOD_MATCH = YES;
				CODE_SIGN_IDENTITY = "iPhone Developer";
				COPY_PHASE_STRIP = NO;
				DEBUG_INFORMATION_FORMAT = "dwarf-with-dsym";
				ENABLE_NS_ASSERTIONS = NO;
				ENABLE_STRICT_OBJC_MSGSEND = YES;
				GCC_C_LANGUAGE_STANDARD = gnu11;
				GCC_NO_COMMON_BLOCKS = YES;
				GCC_WARN_64_TO_32_BIT_CONVERSION = YES;
				GCC_WARN_ABOUT_RETURN_TYPE = YES_ERROR;
				GCC_WARN_UNDECLARED_SELECTOR = YES;
				GCC_WARN_UNINITIALIZED_AUTOS = YES_AGGRESSIVE;
				GCC_WARN_UNUSED_FUNCTION = YES;
				GCC_WARN_UNUSED_VARIABLE = YES;
				IPHONEOS_DEPLOYMENT_TARGET = 11.2;
				MTL_ENABLE_DEBUG_INFO = NO;
				SDKROOT = iphoneos;
				SWIFT_OPTIMIZATION_LEVEL = "-Owholemodule";
				VALIDATE_PRODUCT = YES;
			};
			name = Release;
		};
		8CC8ADC8206966C200DAC4A9 /* Debug */ = {
			isa = XCBuildConfiguration;
			buildSettings = {
				ASSETCATALOG_COMPILER_APPICON_NAME = AppIcon;
				CODE_SIGN_STYLE = Automatic;
				DEVELOPMENT_TEAM = ZWBTS5895V;
				INFOPLIST_FILE = subitize/Info.plist;
				IPHONEOS_DEPLOYMENT_TARGET = 11.0;
				LD_RUNPATH_SEARCH_PATHS = "$(inherited) @executable_path/Frameworks";
				PRODUCT_BUNDLE_IDENTIFIER = connorleisz.subitize;
				PRODUCT_NAME = "$(TARGET_NAME)";
				SWIFT_VERSION = 4.0;
				TARGETED_DEVICE_FAMILY = "1,2";
			};
			name = Debug;
		};
		8CC8ADC9206966C200DAC4A9 /* Release */ = {
			isa = XCBuildConfiguration;
			buildSettings = {
				ASSETCATALOG_COMPILER_APPICON_NAME = AppIcon;
				CODE_SIGN_STYLE = Automatic;
				DEVELOPMENT_TEAM = ZWBTS5895V;
				INFOPLIST_FILE = subitize/Info.plist;
				IPHONEOS_DEPLOYMENT_TARGET = 11.0;
				LD_RUNPATH_SEARCH_PATHS = "$(inherited) @executable_path/Frameworks";
				PRODUCT_BUNDLE_IDENTIFIER = connorleisz.subitize;
				PRODUCT_NAME = "$(TARGET_NAME)";
				SWIFT_VERSION = 4.0;
				TARGETED_DEVICE_FAMILY = "1,2";
			};
			name = Release;
		};
		8CC8ADCB206966C200DAC4A9 /* Debug */ = {
			isa = XCBuildConfiguration;
			buildSettings = {
				ALWAYS_EMBED_SWIFT_STANDARD_LIBRARIES = YES;
				BUNDLE_LOADER = "$(TEST_HOST)";
				CODE_SIGN_STYLE = Automatic;
				DEVELOPMENT_TEAM = ZWBTS5895V;
				INFOPLIST_FILE = subitizeTests/Info.plist;
				LD_RUNPATH_SEARCH_PATHS = "$(inherited) @executable_path/Frameworks @loader_path/Frameworks";
				PRODUCT_BUNDLE_IDENTIFIER = connorleisz.subitizeTests;
				PRODUCT_NAME = "$(TARGET_NAME)";
				SWIFT_VERSION = 4.0;
				TARGETED_DEVICE_FAMILY = "1,2";
				TEST_HOST = "$(BUILT_PRODUCTS_DIR)/subitize.app/subitize";
			};
			name = Debug;
		};
		8CC8ADCC206966C200DAC4A9 /* Release */ = {
			isa = XCBuildConfiguration;
			buildSettings = {
				ALWAYS_EMBED_SWIFT_STANDARD_LIBRARIES = YES;
				BUNDLE_LOADER = "$(TEST_HOST)";
				CODE_SIGN_STYLE = Automatic;
				DEVELOPMENT_TEAM = ZWBTS5895V;
				INFOPLIST_FILE = subitizeTests/Info.plist;
				LD_RUNPATH_SEARCH_PATHS = "$(inherited) @executable_path/Frameworks @loader_path/Frameworks";
				PRODUCT_BUNDLE_IDENTIFIER = connorleisz.subitizeTests;
				PRODUCT_NAME = "$(TARGET_NAME)";
				SWIFT_VERSION = 4.0;
				TARGETED_DEVICE_FAMILY = "1,2";
				TEST_HOST = "$(BUILT_PRODUCTS_DIR)/subitize.app/subitize";
			};
			name = Release;
		};
		8CC8ADCE206966C200DAC4A9 /* Debug */ = {
			isa = XCBuildConfiguration;
			buildSettings = {
				ALWAYS_EMBED_SWIFT_STANDARD_LIBRARIES = YES;
				CODE_SIGN_STYLE = Automatic;
				DEVELOPMENT_TEAM = ZWBTS5895V;
				INFOPLIST_FILE = subitizeUITests/Info.plist;
				LD_RUNPATH_SEARCH_PATHS = "$(inherited) @executable_path/Frameworks @loader_path/Frameworks";
				PRODUCT_BUNDLE_IDENTIFIER = connorleisz.subitizeUITests;
				PRODUCT_NAME = "$(TARGET_NAME)";
				SWIFT_VERSION = 4.0;
				TARGETED_DEVICE_FAMILY = "1,2";
				TEST_TARGET_NAME = subitize;
			};
			name = Debug;
		};
		8CC8ADCF206966C200DAC4A9 /* Release */ = {
			isa = XCBuildConfiguration;
			buildSettings = {
				ALWAYS_EMBED_SWIFT_STANDARD_LIBRARIES = YES;
				CODE_SIGN_STYLE = Automatic;
				DEVELOPMENT_TEAM = ZWBTS5895V;
				INFOPLIST_FILE = subitizeUITests/Info.plist;
				LD_RUNPATH_SEARCH_PATHS = "$(inherited) @executable_path/Frameworks @loader_path/Frameworks";
				PRODUCT_BUNDLE_IDENTIFIER = connorleisz.subitizeUITests;
				PRODUCT_NAME = "$(TARGET_NAME)";
				SWIFT_VERSION = 4.0;
				TARGETED_DEVICE_FAMILY = "1,2";
				TEST_TARGET_NAME = subitize;
			};
			name = Release;
		};
/* End XCBuildConfiguration section */

/* Begin XCConfigurationList section */
		8CC8AD94206966C100DAC4A9 /* Build configuration list for PBXProject "subitize" */ = {
			isa = XCConfigurationList;
			buildConfigurations = (
				8CC8ADC5206966C200DAC4A9 /* Debug */,
				8CC8ADC6206966C200DAC4A9 /* Release */,
			);
			defaultConfigurationIsVisible = 0;
			defaultConfigurationName = Release;
		};
		8CC8ADC7206966C200DAC4A9 /* Build configuration list for PBXNativeTarget "subitize" */ = {
			isa = XCConfigurationList;
			buildConfigurations = (
				8CC8ADC8206966C200DAC4A9 /* Debug */,
				8CC8ADC9206966C200DAC4A9 /* Release */,
			);
			defaultConfigurationIsVisible = 0;
			defaultConfigurationName = Release;
		};
		8CC8ADCA206966C200DAC4A9 /* Build configuration list for PBXNativeTarget "subitizeTests" */ = {
			isa = XCConfigurationList;
			buildConfigurations = (
				8CC8ADCB206966C200DAC4A9 /* Debug */,
				8CC8ADCC206966C200DAC4A9 /* Release */,
			);
			defaultConfigurationIsVisible = 0;
			defaultConfigurationName = Release;
		};
		8CC8ADCD206966C200DAC4A9 /* Build configuration list for PBXNativeTarget "subitizeUITests" */ = {
			isa = XCConfigurationList;
			buildConfigurations = (
				8CC8ADCE206966C200DAC4A9 /* Debug */,
				8CC8ADCF206966C200DAC4A9 /* Release */,
			);
			defaultConfigurationIsVisible = 0;
			defaultConfigurationName = Release;
		};
/* End XCConfigurationList section */
	};
	rootObject = 8CC8AD91206966C100DAC4A9 /* Project object */;
}
